github.com/adrg/xdg v0.5.3 h1:xRnxJXne7+oWDatRhR1JLnvuccuIeCoBu2rtuLqQB78=
github.com/adrg/xdg v0.5.3/go.mod h1:nlTsY+NNiCBGCK2tpm09vRqfVzrc2fLmXGpBLF0zlTQ=
github.com/alecthomas/assert/v2 v2.11.0 h1:2Q9r3ki8+JYXvGsDyBXwH3LcJ+WK5D0gc5E8vS6K3D0=
github.com/alecthomas/assert/v2 v2.11.0/go.mod h1:Bze95FyfUr7x34QZrjL+XP+0qgp/zg8yS+TtBj1WA3k=
github.com/alecthomas/chroma/v2 v2.24.1 h1:m5ffpfZbIb++k8AqFEKy9uVgY12xIQtBsQlc6DfZJQM=
github.com/alecthomas/chroma/v2 v2.24.1/go.mod h1:l+ohZ9xRXIbGe7cIW+YZgOGbvuVLjMps/FYN/CwuabI=
github.com/alecthomas/repr v0.5.2 h1:SU73FTI9D1P5UNtvseffFSGmdNci/O6RsqzeXJtP0Qs=
github.com/alecthomas/repr v0.5.2/go.mod h1:Fr0507jx4eOXV7AlPV6AVZLYrLIuIeSOWtW57eE/O/4=
github.com/davecgh/go-spew v1.1.1 h1:vj9j/u1bqnvCEfJOwUhtlOARqs3+rkHYY13jYWTU97c=
github.com/davecgh/go-spew v1.1.1/go.mod h1:J7Y8YcW2NihsgmVo/mv3lAwl/skON4iLHjSsI+c5H38=
github.com/disintegration/imaging v1.6.2 h1:w1LecBlG2Lnp8B3jk5zSuNqd7b4DXhcjwek1ei82L+c=
github.com/disintegration/imaging v1.6.2/go.mod h1:44/5580QXChDfwIclfc/PCwrr44amcmDAg8hxG0Ewe4=
github.com/dlclark/regexp2 v1.12.0 h1:0j4c5qQmnC6XOWNjP3PIXURXN2gWx76rd3KvgdPkCz8=
github.com/dlclark/regexp2 v1.12.0/go.mod h1:DHkYz0B9wPfa6wondMfaivmHpzrQ3v9q8cnmRbL6yW8=
github.com/dustin/go-humanize v1.0.1 h1:GzkhY7T5VNhEkwH0PVJgjz+fX1rhBrR7pRT3mDkpeCY=
github.com/dustin/go-humanize v1.0.1/go.mod h1:Mu1zIs6XwVuF/gI1OepvI0qD18qycQx+mFykh5fBlto=
github.com/ebitengine/purego v0.10.0 h1:QIw4xfpWT6GWTzaW5XEKy3HXoqrJGx1ijYHzTF0/ISU=
github.com/ebitengine/purego v0.10.0/go.mod h1:iIjxzd6CiRiOG0UyXP+V1+jWqUXVjPKLAI0mRfJZTmQ=
github.com/expr-lang/expr v1.17.2 h1:o0A99O/Px+/DTjEnQiodAgOIK9PPxL8DtXhBRKC+Iso=
github.com/expr-lang/expr v1.17.2/go.mod h1:8/vRC7+7HBzESEqt5kKpYXxrxkr31SaO8r40VO/1IT4=
github.com/godbus/dbus/v5 v5.2.2 h1:TUR3TgtSVDmjiXOgAAyaZbYmIeP3DPkld3jgKGV8mXQ=
github.com/godbus/dbus/v5 v5.2.2/go.mod h1:3AAv2+hPq5rdnr5txxxRwiGjPXamgoIHgz9FPBfOp3c=
github.com/google/uuid v1.6.0 h1:NIvaJDMOsjHA8n1jAhLSgzrAzy1Hgr+hNrb57e+94F0=
github.com/google/uuid v1.6.0/go.mod h1:TIyPZe4MgqvfeYDBFedMoGGpEw/LqOeaOT+nhxU+yHo=
github.com/hashicorp/golang-lru/v2 v2.0.7 h1:a+bsQ5rvGLjzHuww6tVxozPZFVghXaHOwFs4luLUK2k=
github.com/hashicorp/golang-lru/v2 v2.0.7/go.mod h1:QeFd9opnmA6QUJc5vARoKUSoFhyfM2/ZepoAG6RGpeM=
github.com/hexops/gotextdiff v1.0.3 h1:gitA9+qJrrTCsiCl7+kh75nPqQt1cx4ZkudSTLoUqJM=
github.com/hexops/gotextdiff v1.0.3/go.mod h1:pSWU5MAI3yDq+fZBTazCSJysOMbxWL1BSow5/V2vxeg=
github.com/mattn/go-isatty v0.0.22 h1:j8l17JJ9i6VGPUFUYoTUKPSgKe/83EYU2zBC7YNKMw4=
github.com/mattn/go-isatty v0.0.22/go.mod h1:ZXfXG4SQHsB/w3ZeOYbR0PrPwLy+n6xiMrJlRFqopa4=
github.com/ncruces/go-strftime v1.0.0 h1:HMFp8mLCTPp341M/ZnA4qaf7ZlsbTc+miZjCLOFAw7w=
github.com/ncruces/go-strftime v1.0.0/go.mod h1:Fwc5htZGVVkseilnfgOVb9mKy6w1naJmn9CehxcKcls=
github.com/pmezard/go-difflib v1.0.0 h1:4DBwDE0NGyQoBHbLQYPwSUPoCMWR5BEzIk/f1lZbAQM=
github.com/pmezard/go-difflib v1.0.0/go.mod h1:iKH77koFhYxTK1pcRnkKkqfTogsbg7gZNVY4sRDYZ/4=
github.com/remyoudompheng/bigfft v0.0.0-20230129092748-24d4a6f8daec h1:W09IVJc94icq4NjY3clb7Lk8O1qJ8BdBEF8z0ibU0rE=
github.com/remyoudompheng/bigfft v0.0.0-20230129092748-24d4a6f8daec/go.mod h1:qqbHyh8v60DhA7CoWK5oRCqLrMHRGoxYCSS9EjAz6Eo=
github.com/sgtdi/fswatcher v1.2.0 h1:uSJuMc3/Eo/vaPnZWpJ42EFYb5j38cZENmkszOV0yhw=
github.com/sgtdi/fswatcher v1.2.0/go.mod h1:smzXnaqu0SYJQNIwGLLkvRkpH4RdEACB7avMSsSaqjQ=
github.com/stretchr/testify v1.11.1 h1:7s2iGBzp5EwR7/aIZr8ao5+dra3wiQyKjjFuvgVKu7U=
github.com/stretchr/testify v1.11.1/go.mod h1:wZwfW3scLgRK+23gO65QZefKpKQRnfz6sD981Nm4B6U=
github.com/thiagokokada/dark-mode-go v0.0.2 h1:e4TAW4A/VylmlFKL9Jo83xYlu7rqWl+keH6lQO5owio=
github.com/thiagokokada/dark-mode-go v0.0.2/go.mod h1:IQrRBLMIz8vfFZ/sdZr7ASfW1SpE9TJwUCDbKbG2AQU=
golang.org/x/image v0.0.0-20191009234506-e7c1f5e7dbb8/go.mod h1:FeLwcggjj3mMvU+oOTbSwawSJRM1uh48EjtB4UJZlP0=
golang.org/x/image v0.39.0 h1:skVYidAEVKgn8lZ602XO75asgXBgLj9G/FE3RbuPFww=
golang.org/x/image v0.39.0/go.mod h1:sIbmppfU+xFLPIG0FoVUTvyBMmgng1/XAMhQ2ft0hpA=
golang.org/x/mod v0.35.0 h1:Ww1D637e6Pg+Zb2KrWfHQUnH2dQRLBQyAtpr/haaJeM=
golang.org/x/mod v0.35.0/go.mod h1:+GwiRhIInF8wPm+4AoT6L0FA1QWAad3OMdTRx4tFYlU=
golang.org/x/net v0.53.0 h1:d+qAbo5L0orcWAr0a9JweQpjXF19LMXJE8Ey7hwOdUA=
golang.org/x/net v0.53.0/go.mod h1:JvMuJH7rrdiCfbeHoo3fCQU24Lf5JJwT9W3sJFulfgs=
golang.org/x/sync v0.20.0 h1:e0PTpb7pjO8GAtTs2dQ6jYa5BWYlMuX047Dco/pItO4=
golang.org/x/sync v0.20.0/go.mod h1:9xrNwdLfx4jkKbNva9FpL6vEN7evnE43NNNJQ2LF3+0=
golang.org/x/sys v0.43.0 h1:Rlag2XtaFTxp19wS8MXlJwTvoh8ArU6ezoyFsMyCTNI=
golang.org/x/sys v0.43.0/go.mod h1:4GL1E5IUh+htKOUEOaiffhrAeqysfVGipDYzABqnCmw=
golang.org/x/text v0.3.0/go.mod h1:NqM8EUOU14njkJ3fqMW+pc6Ldnwhi/IjpwHt7yyuwOQ=
golang.org/x/tools v0.44.0 h1:UP4ajHPIcuMjT1GqzDWRlalUEoY+uzoZKnhOjbIPD2c=
golang.org/x/tools v0.44.0/go.mod h1:KA0AfVErSdxRZIsOVipbv3rQhVXTnlU6UhKxHd1seDI=
gopkg.in/yaml.v3 v3.0.1 h1:fxVm/GzAzEWqLHuvctI91KS9hhNmmWOoWu0XTYJS7CA=
gopkg.in/yaml.v3 v3.0.1/go.mod h1:K4uyk7z7BCEPqu6E+C64Yfv1cQ7kz7rIZviUmN+EgEM=
modernc.org/cc/v4 v4.28.1 h1:XpLbkYVQ24E8tX5u8+yWGvaxerxkR/S4zqxI8ZoSBuc=
modernc.org/cc/v4 v4.28.1/go.mod h1:OnovgIhbbMXMu1aISnJ0wvVD1KnW+cAUJkIrAWh+kVI=
modernc.org/ccgo/v4 v4.34.0 h1:yRLPFZieg532OT4rp4JFNIVcquwalMX26G95WQDqwCQ=
modernc.org/ccgo/v4 v4.34.0/go.mod h1:AS5WYMyBakQ+fhsHhtP8mWB82KTGPkNNJDGfGQCe0/A=
modernc.org/fileutil v1.4.0 h1:j6ZzNTftVS054gi281TyLjHPp6CPHr2KCxEXjEbD6SM=
modernc.org/fileutil v1.4.0/go.mod h1:EqdKFDxiByqxLk8ozOxObDSfcVOv/54xDs/DUHdvCUU=
modernc.org/fsm v1.3.2 h1:f58HBydnAmLhugDKOlNniDYfKRcOH/3T4xQTO1AZXag=
modernc.org/fsm v1.3.2/go.mod h1:5eK6OWqnX8io83LPfzIlNnUrkpxN/r1ONq3wVi8kvio=
modernc.org/gc/v2 v2.6.5 h1:nyqdV8q46KvTpZlsw66kWqwXRHdjIlJOhG6kxiV/9xI=
modernc.org/gc/v2 v2.6.5/go.mod h1:YgIahr1ypgfe7chRuJi2gD7DBQiKSLMPgBQe9oIiito=
modernc.org/gc/v3 v3.1.2 h1:ZtDCnhonXSZexk/AYsegNRV1lJGgaNZJuKjJSWKyEqo=
modernc.org/gc/v3 v3.1.2/go.mod h1:HFK/6AGESC7Ex+EZJhJ2Gni6cTaYpSMmU/cT9RmlfYY=
modernc.org/goabi0 v0.2.0 h1:HvEowk7LxcPd0eq6mVOAEMai46V+i7Jrj13t4AzuNks=
modernc.org/goabi0 v0.2.0/go.mod h1:CEFRnnJhKvWT1c1JTI3Avm+tgOWbkOu5oPA8eH8LnMI=
modernc.org/knuth v0.5.5 h1:6lap2U/ISm8aC/4NU58ALFCRllNPaK0EZcIGY/oDgUg=
modernc.org/knuth v0.5.5/go.mod h1:e5SBb35HQBj2aFwbBO3ClPcViLY3Wi0LzaOd7c/3qMk=
modernc.org/libX11 v0.11.28 h1:HBnP76bVDOaWRZAbxXfKO0e2c8Wc/yHqraULXAPRSjQ=
modernc.org/libX11 v0.11.28/go.mod h1:TjAGXoIcJifqMxdBZR2DxSNI2KhcCRxZhdXe56lYMkw=
modernc.org/libXau v0.9.20 h1:cWS/1nqenjcICIaB/H7aEgdyUBwRsMzkhHAHap3qeYQ=
modernc.org/libXau v0.9.20/go.mod h1:p4O6Q52tcgY3VTm3LECG/tvKk2g4qo4nQxUQ2yuqkIw=
modernc.org/libXdmcp v0.12.24 h1:Y994ixVCmJrjenx7Wmz8Q7/ogD0m1ZyBa9V/hRVgd0E=
modernc.org/libXdmcp v0.12.24/go.mod h1:MFSUIC/xJ9/TTcTRlP542tID0ofnyzPbiZvad3Hgzqk=
modernc.org/libXft v0.10.52 h1:m7PvRnxIR8u/rmyUV+u6gOiruDKn9IdQVgxB70EKvWs=
modernc.org/libXft v0.10.52/go.mod h1:2ncueevVAw/xSwF/wOKz9QD/sP9qgRGPZzLkfT+K61E=
modernc.org/libXrender v0.9.26 h1:1nALOzWUc3uYkh2yLER2Yqhd06+kFio5O6sbbE5Q2+8=
modernc.org/libXrender v0.9.26/go.mod h1:3cUF1jHXXkc+CiqkJBcsUH/etLJ4jsCLF13an7/ShJo=
modernc.org/libbsd v0.11.17 h1:ZtY8N7XYiuXNiLHOIuS1xufscig+GZRlfv1l+9cSRQY=
modernc.org/libbsd v0.11.17/go.mod h1:XkJLiBhqrpjsqjiggUwpydOHYDGN/aKGnYjaEAgnTKw=
modernc.org/libc v1.72.2 h1:HwRjrHwX7hZIFCfRyw6otVlY+BoZEHFQmHQa5B0BzDE=
modernc.org/libc v1.72.2/go.mod h1:43RZAMuEX483KwP1bW+3lTFm3dzwFpl6R8HMEutqy/w=
modernc.org/libexpat v0.10.26 h1:KA+EX5pq/rVyVpJ5RxcaHesA6wZczdFIzfU+gmQTkmw=
modernc.org/libexpat v0.10.26/go.mod h1:emff2OzCikZjOGARlmHbCUyGXuWLf0UszE1nLL4ov+s=
modernc.org/libfontconfig v0.8.16 h1:NlgKKD8sFe2TdctlQknDBIVvt+kVbU0qDRyk5ctnk0c=
modernc.org/libfontconfig v0.8.16/go.mod h1:VdHct0JZbHyj2fKOQMexMhvVvtln+ddOUqhpOLwGxoM=
modernc.org/libfreetype v0.9.29 h1:gSYTN/drf7q3B5FbJqRlVYXDtBoC6wQaSY/Pz3dREcA=
modernc.org/libfreetype v0.9.29/go.mod h1:LhLhEUM7YLnwxvNvHcm1Uj+UuvFfMGzJyqVv6KGrunE=
modernc.org/libmd v0.12.30 h1:sCqTePcilNQHkXdxSgl9qxcwrVGJ+QYhgeD3Ruv6TTs=
modernc.org/libmd v0.12.30/go.mod h1:GhhUSvOhm3YpGiMHjTQJvdu3vI9S3zcEfuCOKKdY1UQ=
modernc.org/libtcl9.0 v0.17.7 h1:5xPpD65jyIJyTPjoLwxiJDhz08HsZ3QJmqvuZqWQ4CI=
modernc.org/libtcl9.0 v0.17.7/go.mod h1:Mxyl3LFu8SXYdCZWuNs3zi94Iu9xtrcytjG3+tEevlY=
modernc.org/libtk9.0 v0.17.6 h1:uVtqpy7U620EQpU7s5+mlBxHkx3E7caTpkW0KdEg4mc=
modernc.org/libtk9.0 v0.17.6/go.mod h1:dRQ1zteZ4Htr2vJAZ06qDpMSCABqJDBe5amRqlPIreU=
modernc.org/libxcb v0.12.11 h1:HXdfiJzs26DcWBgikiPyO0mq/9z0G789hqzbU+7/qIA=
modernc.org/libxcb v0.12.11/go.mod h1:KjQgVjm1oq+9U+tgR4GTzDi446DWYHDhJo86PHoGZxc=
modernc.org/libz v0.17.3 h1:SQn1XxXaoliivCaVqpyb2Xr5c9jTPD0PVXiCmtkJrJ8=
modernc.org/libz v0.17.3/go.mod h1:hbWpMVUy+sVzayY42Ujeg99BjVeOTweqjMsMuthErXU=
modernc.org/mathutil v1.7.1 h1:GCZVGXdaN8gTqB1Mf/usp1Y/hSqgI2vAGGP4jZMCxOU=
modernc.org/mathutil v1.7.1/go.mod h1:4p5IwJITfppl0G4sUEDtCr4DthTaT47/N3aT6MhfgJg=
modernc.org/memory v1.11.0 h1:o4QC8aMQzmcwCK3t3Ux/ZHmwFPzE6hf2Y5LbkRs+hbI=
modernc.org/memory v1.11.0/go.mod h1:/JP4VbVC+K5sU2wZi9bHoq2MAkCnrt2r98UGeSK7Mjw=
modernc.org/ngrab v0.1.0 h1:21cX4tAIfLNjR4ax7JMfHTz2ztnjVGcCSsztoG6EFMk=
modernc.org/ngrab v0.1.0/go.mod h1:dDGjUip6IXmb5Y5M8RPYD7Sg4S/VdfG5akxK34uYtOE=
modernc.org/opt v0.2.0 h1:tGyef5ApycA7FSEOMraay9SaTk5zmbx7Tu+cJs4QKZg=
modernc.org/opt v0.2.0/go.mod h1:03fq9lsNfvkYSfxrfUhZCWPk1lm4cq4N+Bh//bEtgns=
modernc.org/rec v0.3.7 h1:Y8j8BsSAksRIwQMayIccHvog2t13eIXLcyglaWXERKs=
modernc.org/rec v0.3.7/go.mod h1:e9cZvWLYgT2qJVQczdErzp7iVRnOu8NzAOBQlcitZuo=
modernc.org/regexp v1.7.10 h1:HWE4d/i6nDLHy05omKZSgGsC7QzKuq0Pgqj24yErr6U=
modernc.org/regexp v1.7.10/go.mod h1:DsTv3IO8vq8ahN8IHKJ0s3j5oFNfkBnGN6VuWzr7Afs=
modernc.org/sortutil v1.2.1 h1:+xyoGf15mM3NMlPDnFqrteY07klSFxLElE2PVuWIJ7w=
modernc.org/sortutil v1.2.1/go.mod h1:7ZI3a3REbai7gzCLcotuw9AC4VZVpYMjDzETGsSMqJE=
modernc.org/strutil v1.2.1 h1:UneZBkQA+DX2Rp35KcM69cSsNES9ly8mQWD71HKlOA0=
modernc.org/strutil v1.2.1/go.mod h1:EHkiggD70koQxjVdSBM3JKM7k6L0FbGE5eymy9i3B9A=
modernc.org/tcl9.0 v0.17.6 h1:TvSvuQgLCOrupQNAq6RktoEGip+DkgMkFo/XAtbIjLI=
modernc.org/tcl9.0 v0.17.6/go.mod h1:tmsFr9Y46NjMZ4oJZ1wLTENrjZqFlR9IHJCrzW1KpiU=
modernc.org/tk9.0 v1.75.3 h1:kJeWk3mVuo53hMSg8aC8m8Wr47gw9yavDzV1mwlYBxM=
modernc.org/tk9.0 v1.75.3/go.mod h1:u2v9f9VsUXiPzGEVjSxwpPfL/KKvQCP8rlBLUvB0YyY=
modernc.org/token v1.1.0 h1:Xl7Ap9dKaEs5kLoOQeQmPWevfnk/DM5qcLcYlA8ys6Y=
modernc.org/token v1.1.0/go.mod h1:UGzOrNV1mAFSEB63lOFHIpNRUVMvYTc6yu1SMY/XTDM=
